
Microsoft Visual Studio Solution File, Format Version 12.00
# Visual Studio 14
VisualStudioVersion = 14.0.25420.1
MinimumVisualStudioVersion = 10.0.40219.1
Project("{FAE04EC0-301F-11D3-BF4B-00C04F79EFBC}") = "PasswordManagementSystem", "PasswordManagementSystem\PasswordManagementSystem.csproj", "{3ABC153F-C043-4F3A-B701-24322C50FAAE}"
EndProject
Project("{FAE04EC0-301F-11D3-BF4B-00C04F79EFBC}") = "PasswordManagementSystem.Tests", "PasswordManagementSystem.Tests\PasswordManagementSystem.Tests.csproj", "{49B13DEC-439E-42ED-98BD-23E0237D72DE}"
EndProject
Global
	GlobalSection(SolutionConfigurationPlatforms) = preSolution
		Debug|Any CPU = Debug|Any CPU
		Release|Any CPU = Release|Any CPU
	EndGlobalSection
	GlobalSection(ProjectConfigurationPlatforms) = postSolution
		{3ABC153F-C043-4F3A-B701-24322C50FAAE}.Debug|Any CPU.ActiveCfg = Debug|Any CPU
		{3ABC153F-C043-4F3A-B701-24322C50FAAE}.Debug|Any CPU.Build.0 = Debug|Any CPU
		{3ABC153F-C043-4F3A-B701-24322C50FAAE}.Release|Any CPU.ActiveCfg = Release|Any CPU
		{3ABC153F-C043-4F3A-B701-24322C50FAAE}.Release|Any CPU.Build.0 = Release|Any CPU
		{49B13DEC-439E-42ED-98BD-23E0237D72DE}.Debug|Any CPU.ActiveCfg = Debug|Any CPU
		{49B13DEC-439E-42ED-98BD-23E0237D72DE}.Debug|Any CPU.Build.0 = Debug|Any CPU
		{49B13DEC-439E-42ED-98BD-23E0237D72DE}.Release|Any CPU.ActiveCfg = Release|Any CPU
		{49B13DEC-439E-42ED-98BD-23E0237D72DE}.Release|Any CPU.Build.0 = Release|Any CPU
	EndGlobalSection
	GlobalSection(SolutionProperties) = preSolution
		HideSolutionNode = FALSE
	EndGlobalSection
EndGlobal
